
Microsoft Visual Studio Solution File, Format Version 12.00
# Visual Studio 15
VisualStudioVersion = 15.0.28307.421
MinimumVisualStudioVersion = 10.0.40219.1
Project("{FAE04EC0-301F-11D3-BF4B-00C04F79EFBC}") = "GestionDeProjets", "GestionDeProjets\GestionDeProjets.csproj", "{F46A970B-04F7-48BC-A9AA-17350A5F5611}"
EndProject
Global
	GlobalSection(SolutionConfigurationPlatforms) = preSolution
		Debug|Any CPU = Debug|Any CPU
		Release|Any CPU = Release|Any CPU
	EndGlobalSection
	GlobalSection(ProjectConfigurationPlatforms) = postSolution
		{F46A970B-04F7-48BC-A9AA-17350A5F5611}.Debug|Any CPU.ActiveCfg = Debug|Any CPU
		{F46A970B-04F7-48BC-A9AA-17350A5F5611}.Debug|Any CPU.Build.0 = Debug|Any CPU
		{F46A970B-04F7-48BC-A9AA-17350A5F5611}.Release|Any CPU.ActiveCfg = Release|Any CPU
		{F46A970B-04F7-48BC-A9AA-17350A5F5611}.Release|Any CPU.Build.0 = Release|Any CPU
	EndGlobalSection
	GlobalSection(SolutionProperties) = preSolution
		HideSolutionNode = FALSE
	EndGlobalSection
	GlobalSection(ExtensibilityGlobals) = postSolution
		SolutionGuid = {A8FEF04C-8FB3-4FFA-99E0-8F4A59CA3459}
	EndGlobalSection
EndGlobal
